{
  "nodes": {
    "custom-nixpkgs": {
      "inputs": {
        "nixpkgs": [
          "nixpkgs"
        ]
      },
      "locked": {
        "lastModified": 1658565356,
        "narHash": "sha256-YQHqpi1NLo5Q5VpPp90UOFlIy9xt/52kg7Yin6gSm9Y=",
        "owner": "make-or-break",
        "repo": "nixpkgs",
        "rev": "0ac5a383f4c1f570d678dcf4963627a58d415c02",
        "type": "github"
      },
      "original": {
        "owner": "make-or-break",
        "repo": "nixpkgs",
        "type": "github"
      }
    },
    "flake-utils": {
      "locked": {
        "lastModified": 1656928814,
        "narHash": "sha256-RIFfgBuKz6Hp89yRr7+NR5tzIAbn52h8vT6vXkYjZoM=",
        "owner": "numtide",
        "repo": "flake-utils",
        "rev": "7e2a3b3dfd9af950a856d66b0a7d01e3c18aa249",
        "type": "github"
      },
      "original": {
        "owner": "numtide",
        "repo": "flake-utils",
        "type": "github"
      }
    },
    "nixpkgs": {
      "locked": {
        "lastModified": 1658380158,
        "narHash": "sha256-DBunkegKWlxPZiOcw3/SNIFg93amkdGIy2g0y/jDpHg=",
        "owner": "nixos",
        "repo": "nixpkgs",
        "rev": "a65b5b3f5504b8b89c196aba733bdf2b0bd13c16",
        "type": "github"
      },
      "original": {
        "owner": "nixos",
        "ref": "nixos-unstable",
        "repo": "nixpkgs",
        "type": "github"
      }
    },
    "root": {
      "inputs": {
        "custom-nixpkgs": "custom-nixpkgs",
        "flake-utils": "flake-utils",
        "nixpkgs": "nixpkgs",
        "valorant-match-history": "valorant-match-history",
        "valorant-utils": "valorant-utils"
      }
    },
    "valorant-match-history": {
      "inputs": {
        "flake-utils": [
          "flake-utils"
        ],
        "nixpkgs": [
          "nixpkgs"
        ],
        "valorant-utils": [
          "valorant-utils"
        ]
      },
      "locked": {
        "lastModified": 1660063184,
        "narHash": "sha256-6Oy1OoJGbLEdVjxj8WGY+f5jFAFJbpUZNVygdM/eOLM=",
        "owner": "make-or-break",
        "repo": "valorant-match-history",
        "rev": "795dcb9707a168c9b301c282b85b21eb65641abf",
        "type": "github"
      },
      "original": {
        "owner": "make-or-break",
        "repo": "valorant-match-history",
        "type": "github"
      }
    },
    "valorant-utils": {
      "inputs": {
        "flake-utils": [
          "flake-utils"
        ],
        "nixpkgs": [
          "nixpkgs"
        ]
      },
      "locked": {
        "lastModified": 1660996983,
        "narHash": "sha256-xvWfXXGsiniVo4QR2cApnyFqW0OtSnY5rb4YsKAEiak=",
        "owner": "make-or-break",
        "repo": "valorant-utils",
        "rev": "6127bdf1659ba3d7d8f15a1a05027cf291d572e0",
        "type": "github"
      },
      "original": {
        "owner": "make-or-break",
        "repo": "valorant-utils",
        "type": "github"
      }
    }
  },
  "root": "root",
  "version": 7
}
