{
  "nodes": {
    "flake-utils": {
      "locked": {
        "lastModified": 1656928814,
        "narHash": "sha256-RIFfgBuKz6Hp89yRr7+NR5tzIAbn52h8vT6vXkYjZoM=",
        "owner": "numtide",
        "repo": "flake-utils",
        "rev": "7e2a3b3dfd9af950a856d66b0a7d01e3c18aa249",
        "type": "github"
      },
      "original": {
        "owner": "numtide",
        "repo": "flake-utils",
        "type": "github"
      }
    },
    "nixpkgs": {
      "locked": {
        "lastModified": 1658380158,
        "narHash": "sha256-DBunkegKWlxPZiOcw3/SNIFg93amkdGIy2g0y/jDpHg=",
        "owner": "nixos",
        "repo": "nixpkgs",
        "rev": "a65b5b3f5504b8b89c196aba733bdf2b0bd13c16",
        "type": "github"
      },
      "original": {
        "owner": "nixos",
        "ref": "nixos-unstable",
        "repo": "nixpkgs",
        "type": "github"
      }
    },
    "root": {
      "inputs": {
        "flake-utils": "flake-utils",
        "nixpkgs": "nixpkgs",
        "valorant-match-history": "valorant-match-history",
        "valorant-utils": "valorant-utils"
      }
    },
    "valorant-match-history": {
      "inputs": {
        "flake-utils": [
          "flake-utils"
        ],
        "nixpkgs": [
          "nixpkgs"
        ],
        "valorant-utils": [
          "valorant-utils"
        ]
      },
      "locked": {
        "lastModified": 1658515018,
        "narHash": "sha256-QWwZfzAreozGLHx/HaiLxvViqpVzAagGxyK+WrrV2VE=",
        "owner": "make-or-break",
        "repo": "valorant-match-history",
        "rev": "914c27157eed801d2ab5b52a6444b5c2e657a5df",
        "type": "github"
      },
      "original": {
        "owner": "make-or-break",
        "repo": "valorant-match-history",
        "type": "github"
      }
    },
    "valorant-utils": {
      "inputs": {
        "flake-utils": [
          "flake-utils"
        ],
        "nixpkgs": [
          "nixpkgs"
        ]
      },
      "locked": {
        "lastModified": 1658514840,
        "narHash": "sha256-X9etTSfj7Gl+5NxQKTwbyztzwopxQ9joiVAgewj5efo=",
        "owner": "make-or-break",
        "repo": "valorant-utils",
        "rev": "e5e2712fd1721a40c98467ebd54851939d7f250c",
        "type": "github"
      },
      "original": {
        "owner": "make-or-break",
        "repo": "valorant-utils",
        "type": "github"
      }
    }
  },
  "root": "root",
  "version": 7
}
