{
  "nodes": {
    "flake-utils": {
      "locked": {
        "lastModified": 1656928814,
        "narHash": "sha256-RIFfgBuKz6Hp89yRr7+NR5tzIAbn52h8vT6vXkYjZoM=",
        "owner": "numtide",
        "repo": "flake-utils",
        "rev": "7e2a3b3dfd9af950a856d66b0a7d01e3c18aa249",
        "type": "github"
      },
      "original": {
        "owner": "numtide",
        "repo": "flake-utils",
        "type": "github"
      }
    },
    "nixpkgs": {
      "locked": {
        "lastModified": 1657265485,
        "narHash": "sha256-PUQ9C7mfi0/BnaAUX2R/PIkoNCb/Jtx9EpnhMBNrO/o=",
        "owner": "nixos",
        "repo": "nixpkgs",
        "rev": "b39924fc7764c08ae3b51beef9a3518c414cdb7d",
        "type": "github"
      },
      "original": {
        "owner": "nixos",
        "ref": "nixos-unstable",
        "repo": "nixpkgs",
        "type": "github"
      }
    },
    "root": {
      "inputs": {
        "flake-utils": "flake-utils",
        "nixpkgs": "nixpkgs",
        "valorant-match-history": "valorant-match-history",
        "valorant-utils": "valorant-utils"
      }
    },
    "valorant-match-history": {
      "inputs": {
        "flake-utils": [
          "flake-utils"
        ],
        "nixpkgs": [
          "nixpkgs"
        ],
        "valorant-utils": [
          "valorant-utils"
        ]
      },
      "locked": {
        "lastModified": 1657385577,
        "narHash": "sha256-ff01lW6bLM8bNLrVg+GJki9GFUDMv2o0vWJgGgUYJ+8=",
        "owner": "make-or-break",
        "repo": "valorant-match-history",
        "rev": "2240c681b3e12a1fde0e34472315cad5d2d58e41",
        "type": "github"
      },
      "original": {
        "owner": "make-or-break",
        "repo": "valorant-match-history",
        "type": "github"
      }
    },
    "valorant-utils": {
      "inputs": {
        "flake-utils": [
          "flake-utils"
        ],
        "nixpkgs": [
          "nixpkgs"
        ]
      },
      "locked": {
        "lastModified": 1657354716,
        "narHash": "sha256-NqnaEwbiSmQywB8s+HRAkCf1VuAPGaxBL/cA1IPiOdQ=",
        "owner": "make-or-break",
        "repo": "valorant-utils",
        "rev": "73188169d6b01e6bd3c529ee06edd76712f23f3f",
        "type": "github"
      },
      "original": {
        "owner": "make-or-break",
        "repo": "valorant-utils",
        "type": "github"
      }
    }
  },
  "root": "root",
  "version": 7
}
